// !$*UTF8*$!
{
	archiveVersion = 1;
	classes = {
	};
	objectVersion = 50;
	objects = {

/* Begin PBXBuildFile section */
		87652E0F23CE6BB0000F4238 /* op_grad_invert.png in Resources */ = {isa = PBXBuildFile; fileRef = 87652E0E23CE6BB0000F4238 /* op_grad_invert.png */; };
		87652E1123CE6CAA000F4238 /* fileasteroid2.dae in Resources */ = {isa = PBXBuildFile; fileRef = 87652E1023CE6CA9000F4238 /* fileasteroid2.dae */; };
		87B7352A23A30DFC001D47BA /* space.scn in Resources */ = {isa = PBXBuildFile; fileRef = 87B7352923A30DFC001D47BA /* space.scn */; };
		87DDE0F723A02B4100B8D285 /* AppDelegate.swift in Sources */ = {isa = PBXBuildFile; fileRef = 87DDE0F623A02B4100B8D285 /* AppDelegate.swift */; };
		87DDE0F923A02B4100B8D285 /* GameViewController.swift in Sources */ = {isa = PBXBuildFile; fileRef = 87DDE0F823A02B4100B8D285 /* GameViewController.swift */; };
		87DDE0FD23A02B4300B8D285 /* Assets.xcassets in Resources */ = {isa = PBXBuildFile; fileRef = 87DDE0FC23A02B4300B8D285 /* Assets.xcassets */; };
		87DDE10023A02B4300B8D285 /* Main.storyboard in Resources */ = {isa = PBXBuildFile; fileRef = 87DDE0FE23A02B4300B8D285 /* Main.storyboard */; };
		87DDE10C23A02B4300B8D285 /* Mac3DTests.swift in Sources */ = {isa = PBXBuildFile; fileRef = 87DDE10B23A02B4300B8D285 /* Mac3DTests.swift */; };
		87DDE11723A02B4300B8D285 /* Mac3DUITests.swift in Sources */ = {isa = PBXBuildFile; fileRef = 87DDE11623A02B4300B8D285 /* Mac3DUITests.swift */; };
		87F5280323C588D400462BC5 /* mars4.png in Resources */ = {isa = PBXBuildFile; fileRef = 87F527F223C588D400462BC5 /* mars4.png */; };
		87F5280423C588D400462BC5 /* venus_surface.jpg in Resources */ = {isa = PBXBuildFile; fileRef = 87F527F323C588D400462BC5 /* venus_surface.jpg */; };
		87F5280523C588D400462BC5 /* saturn4.png in Resources */ = {isa = PBXBuildFile; fileRef = 87F527F423C588D400462BC5 /* saturn4.png */; };
		87F5280623C588D400462BC5 /* mars2.png in Resources */ = {isa = PBXBuildFile; fileRef = 87F527F523C588D400462BC5 /* mars2.png */; };
		87F5280723C588D400462BC5 /* neptune.jpg in Resources */ = {isa = PBXBuildFile; fileRef = 87F527F623C588D400462BC5 /* neptune.jpg */; };
		87F5280823C588D400462BC5 /* eris2.png in Resources */ = {isa = PBXBuildFile; fileRef = 87F527F723C588D400462BC5 /* eris2.png */; };
		87F5280923C588D400462BC5 /* uranus3.png in Resources */ = {isa = PBXBuildFile; fileRef = 87F527F823C588D400462BC5 /* uranus3.png */; };
		87F5280A23C588D400462BC5 /* eclouds.jpg in Resources */ = {isa = PBXBuildFile; fileRef = 87F527F923C588D400462BC5 /* eclouds.jpg */; };
		87F5280B23C588D400462BC5 /* makemake2.png in Resources */ = {isa = PBXBuildFile; fileRef = 87F527FA23C588D400462BC5 /* makemake2.png */; };
		87F5280C23C588D400462BC5 /* haumea2.png in Resources */ = {isa = PBXBuildFile; fileRef = 87F527FB23C588D400462BC5 /* haumea2.png */; };
		87F5280D23C588D400462BC5 /* mercury2.png in Resources */ = {isa = PBXBuildFile; fileRef = 87F527FC23C588D400462BC5 /* mercury2.png */; };
		87F5280E23C588D400462BC5 /* ceres2.png in Resources */ = {isa = PBXBuildFile; fileRef = 87F527FD23C588D400462BC5 /* ceres2.png */; };
		87F5280F23C588D400462BC5 /* jupiter_dark.png in Resources */ = {isa = PBXBuildFile; fileRef = 87F527FE23C588D400462BC5 /* jupiter_dark.png */; };
		87F5281023C588D400462BC5 /* moon2.png in Resources */ = {isa = PBXBuildFile; fileRef = 87F527FF23C588D400462BC5 /* moon2.png */; };
		87F5281123C588D400462BC5 /* venus6.png in Resources */ = {isa = PBXBuildFile; fileRef = 87F5280023C588D400462BC5 /* venus6.png */; };
		87F5281223C588D400462BC5 /* uranus2.png in Resources */ = {isa = PBXBuildFile; fileRef = 87F5280123C588D400462BC5 /* uranus2.png */; };
		87F5281323C588D400462BC5 /* venus7.png in Resources */ = {isa = PBXBuildFile; fileRef = 87F5280223C588D400462BC5 /* venus7.png */; };
		87F5281823C588E100462BC5 /* Aster_Small_4_.png in Resources */ = {isa = PBXBuildFile; fileRef = 87F5281423C588E100462BC5 /* Aster_Small_4_.png */; };
		87F5281B23C588E100462BC5 /* Aster_Small_4_Color.png in Resources */ = {isa = PBXBuildFile; fileRef = 87F5281723C588E100462BC5 /* Aster_Small_4_Color.png */; };
		87F5281E23C588F500462BC5 /* starcolor2.png in Resources */ = {isa = PBXBuildFile; fileRef = 87F5281C23C588F500462BC5 /* starcolor2.png */; };
		87F5281F23C588F500462BC5 /* stars.jpg in Resources */ = {isa = PBXBuildFile; fileRef = 87F5281D23C588F500462BC5 /* stars.jpg */; };
		87F5282523C5890000462BC5 /* nebula2.png in Resources */ = {isa = PBXBuildFile; fileRef = 87F5282023C5890000462BC5 /* nebula2.png */; };
		87F5282623C5890000462BC5 /* blue_nebula.png in Resources */ = {isa = PBXBuildFile; fileRef = 87F5282123C5890000462BC5 /* blue_nebula.png */; };
		87F5282723C5890000462BC5 /* nebula3.png in Resources */ = {isa = PBXBuildFile; fileRef = 87F5282223C5890000462BC5 /* nebula3.png */; };
		87F5282823C5890000462BC5 /* nebula5.png in Resources */ = {isa = PBXBuildFile; fileRef = 87F5282323C5890000462BC5 /* nebula5.png */; };
		87F5282923C5890000462BC5 /* rednebula.png in Resources */ = {isa = PBXBuildFile; fileRef = 87F5282423C5890000462BC5 /* rednebula.png */; };
		87F5282D23C5891200462BC5 /* op_grad.png in Resources */ = {isa = PBXBuildFile; fileRef = 87F5282B23C5891200462BC5 /* op_grad.png */; };
		87F5282E23C5891200462BC5 /* gp_grad.png in Resources */ = {isa = PBXBuildFile; fileRef = 87F5282C23C5891200462BC5 /* gp_grad.png */; };
		87F5283123C5892500462BC5 /* rock_displacement.jpg in Resources */ = {isa = PBXBuildFile; fileRef = 87F5283023C5892500462BC5 /* rock_displacement.jpg */; };
		87F5283C23C58B6500462BC5 /* m2.png in Resources */ = {isa = PBXBuildFile; fileRef = 87F5283523C58B6500462BC5 /* m2.png */; };
		87F5283D23C58B6500462BC5 /* m6.png in Resources */ = {isa = PBXBuildFile; fileRef = 87F5283623C58B6500462BC5 /* m6.png */; };
		87F5283E23C58B6500462BC5 /* m7.png in Resources */ = {isa = PBXBuildFile; fileRef = 87F5283723C58B6500462BC5 /* m7.png */; };
		87F5283F23C58B6500462BC5 /* m3.png in Resources */ = {isa = PBXBuildFile; fileRef = 87F5283823C58B6500462BC5 /* m3.png */; };
		87F5284023C58B6500462BC5 /* m4.png in Resources */ = {isa = PBXBuildFile; fileRef = 87F5283923C58B6500462BC5 /* m4.png */; };
		87F5284123C58B6500462BC5 /* m1.png in Resources */ = {isa = PBXBuildFile; fileRef = 87F5283A23C58B6500462BC5 /* m1.png */; };
		87F5284223C58B6500462BC5 /* m5.png in Resources */ = {isa = PBXBuildFile; fileRef = 87F5283B23C58B6500462BC5 /* m5.png */; };
		87F5284C23C59C0300462BC5 /* Small_Asteroid.dae in Resources */ = {isa = PBXBuildFile; fileRef = 87F5284B23C59C0300462BC5 /* Small_Asteroid.dae */; };
		87F5284E23C59CDB00462BC5 /* nebula4.png in Resources */ = {isa = PBXBuildFile; fileRef = 87F5284D23C59CDA00462BC5 /* nebula4.png */; };
		87F5285223C59D3C00462BC5 /* ss11.png in Resources */ = {isa = PBXBuildFile; fileRef = 87F5285023C59D3C00462BC5 /* ss11.png */; };
		87F5285323C59D3C00462BC5 /* ss7.png in Resources */ = {isa = PBXBuildFile; fileRef = 87F5285123C59D3C00462BC5 /* ss7.png */; };
/* End PBXBuildFile section */

/* Begin PBXContainerItemProxy section */
		87DDE10823A02B4300B8D285 /* PBXContainerItemProxy */ = {
			isa = PBXContainerItemProxy;
			containerPortal = 87DDE0EB23A02B4100B8D285 /* Project object */;
			proxyType = 1;
			remoteGlobalIDString = 87DDE0F223A02B4100B8D285;
			remoteInfo = Mac3D;
		};
		87DDE11323A02B4300B8D285 /* PBXContainerItemProxy */ = {
			isa = PBXContainerItemProxy;
			containerPortal = 87DDE0EB23A02B4100B8D285 /* Project object */;
			proxyType = 1;
			remoteGlobalIDString = 87DDE0F223A02B4100B8D285;
			remoteInfo = Mac3D;
		};
/* End PBXContainerItemProxy section */

/* Begin PBXFileReference section */
		87652E0E23CE6BB0000F4238 /* op_grad_invert.png */ = {isa = PBXFileReference; lastKnownFileType = image.png; name = op_grad_invert.png; path = "images/scene images/text/op_grad_invert.png"; sourceTree = SOURCE_ROOT; };
		87652E1023CE6CA9000F4238 /* fileasteroid2.dae */ = {isa = PBXFileReference; fileEncoding = 4; lastKnownFileType = text.xml.dae; name = fileasteroid2.dae; path = "images/scene images/astroid/fileasteroid2.dae"; sourceTree = SOURCE_ROOT; };
		87B7352923A30DFC001D47BA /* space.scn */ = {isa = PBXFileReference; lastKnownFileType = file.bplist; path = space.scn; sourceTree = "<group>"; };
		87DDE0F323A02B4100B8D285 /* Mac3D.app */ = {isa = PBXFileReference; explicitFileType = wrapper.application; includeInIndex = 0; path = Mac3D.app; sourceTree = BUILT_PRODUCTS_DIR; };
		87DDE0F623A02B4100B8D285 /* AppDelegate.swift */ = {isa = PBXFileReference; lastKnownFileType = sourcecode.swift; path = AppDelegate.swift; sourceTree = "<group>"; };
		87DDE0F823A02B4100B8D285 /* GameViewController.swift */ = {isa = PBXFileReference; lastKnownFileType = sourcecode.swift; path = GameViewController.swift; sourceTree = "<group>"; };
		87DDE0FC23A02B4300B8D285 /* Assets.xcassets */ = {isa = PBXFileReference; lastKnownFileType = folder.assetcatalog; path = Assets.xcassets; sourceTree = "<group>"; };
		87DDE0FF23A02B4300B8D285 /* Base */ = {isa = PBXFileReference; lastKnownFileType = file.storyboard; name = Base; path = Base.lproj/Main.storyboard; sourceTree = "<group>"; };
		87DDE10123A02B4300B8D285 /* Info.plist */ = {isa = PBXFileReference; lastKnownFileType = text.plist.xml; path = Info.plist; sourceTree = "<group>"; };
		87DDE10223A02B4300B8D285 /* Mac3D.entitlements */ = {isa = PBXFileReference; lastKnownFileType = text.plist.entitlements; path = Mac3D.entitlements; sourceTree = "<group>"; };
		87DDE10723A02B4300B8D285 /* Mac3DTests.xctest */ = {isa = PBXFileReference; explicitFileType = wrapper.cfbundle; includeInIndex = 0; path = Mac3DTests.xctest; sourceTree = BUILT_PRODUCTS_DIR; };
		87DDE10B23A02B4300B8D285 /* Mac3DTests.swift */ = {isa = PBXFileReference; lastKnownFileType = sourcecode.swift; path = Mac3DTests.swift; sourceTree = "<group>"; };
		87DDE10D23A02B4300B8D285 /* Info.plist */ = {isa = PBXFileReference; lastKnownFileType = text.plist.xml; path = Info.plist; sourceTree = "<group>"; };
		87DDE11223A02B4300B8D285 /* Mac3DUITests.xctest */ = {isa = PBXFileReference; explicitFileType = wrapper.cfbundle; includeInIndex = 0; path = Mac3DUITests.xctest; sourceTree = BUILT_PRODUCTS_DIR; };
		87DDE11623A02B4300B8D285 /* Mac3DUITests.swift */ = {isa = PBXFileReference; lastKnownFileType = sourcecode.swift; path = Mac3DUITests.swift; sourceTree = "<group>"; };
		87DDE11823A02B4300B8D285 /* Info.plist */ = {isa = PBXFileReference; lastKnownFileType = text.plist.xml; path = Info.plist; sourceTree = "<group>"; };
		87F527F223C588D400462BC5 /* mars4.png */ = {isa = PBXFileReference; lastKnownFileType = image.png; name = mars4.png; path = "images/scene images/planet/mars4.png"; sourceTree = SOURCE_ROOT; };
		87F527F323C588D400462BC5 /* venus_surface.jpg */ = {isa = PBXFileReference; lastKnownFileType = image.jpeg; name = venus_surface.jpg; path = "images/scene images/planet/venus_surface.jpg"; sourceTree = SOURCE_ROOT; };
		87F527F423C588D400462BC5 /* saturn4.png */ = {isa = PBXFileReference; lastKnownFileType = image.png; name = saturn4.png; path = "images/scene images/planet/saturn4.png"; sourceTree = SOURCE_ROOT; };
		87F527F523C588D400462BC5 /* mars2.png */ = {isa = PBXFileReference; lastKnownFileType = image.png; name = mars2.png; path = "images/scene images/planet/mars2.png"; sourceTree = SOURCE_ROOT; };
		87F527F623C588D400462BC5 /* neptune.jpg */ = {isa = PBXFileReference; lastKnownFileType = image.jpeg; name = neptune.jpg; path = "images/scene images/planet/neptune.jpg"; sourceTree = SOURCE_ROOT; };
		87F527F723C588D400462BC5 /* eris2.png */ = {isa = PBXFileReference; lastKnownFileType = image.png; name = eris2.png; path = "images/scene images/planet/eris2.png"; sourceTree = SOURCE_ROOT; };
		87F527F823C588D400462BC5 /* uranus3.png */ = {isa = PBXFileReference; lastKnownFileType = image.png; name = uranus3.png; path = "images/scene images/planet/uranus3.png"; sourceTree = SOURCE_ROOT; };
		87F527F923C588D400462BC5 /* eclouds.jpg */ = {isa = PBXFileReference; lastKnownFileType = image.jpeg; name = eclouds.jpg; path = "images/scene images/planet/eclouds.jpg"; sourceTree = SOURCE_ROOT; };
		87F527FA23C588D400462BC5 /* makemake2.png */ = {isa = PBXFileReference; lastKnownFileType = image.png; name = makemake2.png; path = "images/scene images/planet/makemake2.png"; sourceTree = SOURCE_ROOT; };
		87F527FB23C588D400462BC5 /* haumea2.png */ = {isa = PBXFileReference; lastKnownFileType = image.png; name = haumea2.png; path = "images/scene images/planet/haumea2.png"; sourceTree = SOURCE_ROOT; };
		87F527FC23C588D400462BC5 /* mercury2.png */ = {isa = PBXFileReference; lastKnownFileType = image.png; name = mercury2.png; path = "images/scene images/planet/mercury2.png"; sourceTree = SOURCE_ROOT; };
		87F527FD23C588D400462BC5 /* ceres2.png */ = {isa = PBXFileReference; lastKnownFileType = image.png; name = ceres2.png; path = "images/scene images/planet/ceres2.png"; sourceTree = SOURCE_ROOT; };
		87F527FE23C588D400462BC5 /* jupiter_dark.png */ = {isa = PBXFileReference; lastKnownFileType = image.png; name = jupiter_dark.png; path = "images/scene images/planet/jupiter_dark.png"; sourceTree = SOURCE_ROOT; };
		87F527FF23C588D400462BC5 /* moon2.png */ = {isa = PBXFileReference; lastKnownFileType = image.png; name = moon2.png; path = "images/scene images/planet/moon2.png"; sourceTree = SOURCE_ROOT; };
		87F5280023C588D400462BC5 /* venus6.png */ = {isa = PBXFileReference; lastKnownFileType = image.png; name = venus6.png; path = "images/scene images/planet/venus6.png"; sourceTree = SOURCE_ROOT; };
		87F5280123C588D400462BC5 /* uranus2.png */ = {isa = PBXFileReference; lastKnownFileType = image.png; name = uranus2.png; path = "images/scene images/planet/uranus2.png"; sourceTree = SOURCE_ROOT; };
		87F5280223C588D400462BC5 /* venus7.png */ = {isa = PBXFileReference; lastKnownFileType = image.png; name = venus7.png; path = "images/scene images/planet/venus7.png"; sourceTree = SOURCE_ROOT; };
		87F5281423C588E100462BC5 /* Aster_Small_4_.png */ = {isa = PBXFileReference; lastKnownFileType = image.png; name = Aster_Small_4_.png; path = "images/scene images/astroid/Aster_Small_4_.png"; sourceTree = SOURCE_ROOT; };
		87F5281723C588E100462BC5 /* Aster_Small_4_Color.png */ = {isa = PBXFileReference; lastKnownFileType = image.png; name = Aster_Small_4_Color.png; path = "images/scene images/astroid/Aster_Small_4_Color.png"; sourceTree = SOURCE_ROOT; };
		87F5281C23C588F500462BC5 /* starcolor2.png */ = {isa = PBXFileReference; lastKnownFileType = image.png; name = starcolor2.png; path = "images/scene images/stars/starcolor2.png"; sourceTree = SOURCE_ROOT; };
		87F5281D23C588F500462BC5 /* stars.jpg */ = {isa = PBXFileReference; lastKnownFileType = image.jpeg; name = stars.jpg; path = "images/scene images/stars/stars.jpg"; sourceTree = SOURCE_ROOT; };
		87F5282023C5890000462BC5 /* nebula2.png */ = {isa = PBXFileReference; lastKnownFileType = image.png; name = nebula2.png; path = "images/scene images/nebula/nebula2.png"; sourceTree = SOURCE_ROOT; };
		87F5282123C5890000462BC5 /* blue_nebula.png */ = {isa = PBXFileReference; lastKnownFileType = image.png; name = blue_nebula.png; path = "images/scene images/nebula/blue_nebula.png"; sourceTree = SOURCE_ROOT; };
		87F5282223C5890000462BC5 /* nebula3.png */ = {isa = PBXFileReference; lastKnownFileType = image.png; name = nebula3.png; path = "images/scene images/nebula/nebula3.png"; sourceTree = SOURCE_ROOT; };
		87F5282323C5890000462BC5 /* nebula5.png */ = {isa = PBXFileReference; lastKnownFileType = image.png; name = nebula5.png; path = "images/scene images/nebula/nebula5.png"; sourceTree = SOURCE_ROOT; };
		87F5282423C5890000462BC5 /* rednebula.png */ = {isa = PBXFileReference; lastKnownFileType = image.png; name = rednebula.png; path = "images/scene images/nebula/rednebula.png"; sourceTree = SOURCE_ROOT; };
		87F5282B23C5891200462BC5 /* op_grad.png */ = {isa = PBXFileReference; lastKnownFileType = image.png; name = op_grad.png; path = "images/scene images/text/op_grad.png"; sourceTree = SOURCE_ROOT; };
		87F5282C23C5891200462BC5 /* gp_grad.png */ = {isa = PBXFileReference; lastKnownFileType = image.png; name = gp_grad.png; path = "images/scene images/text/gp_grad.png"; sourceTree = SOURCE_ROOT; };
		87F5283023C5892500462BC5 /* rock_displacement.jpg */ = {isa = PBXFileReference; lastKnownFileType = image.jpeg; name = rock_displacement.jpg; path = "images/scene images/other/rock_displacement.jpg"; sourceTree = SOURCE_ROOT; };
		87F5283523C58B6500462BC5 /* m2.png */ = {isa = PBXFileReference; lastKnownFileType = image.png; name = m2.png; path = "images/scene images/moons/m2.png"; sourceTree = SOURCE_ROOT; };
		87F5283623C58B6500462BC5 /* m6.png */ = {isa = PBXFileReference; lastKnownFileType = image.png; name = m6.png; path = "images/scene images/moons/m6.png"; sourceTree = SOURCE_ROOT; };
		87F5283723C58B6500462BC5 /* m7.png */ = {isa = PBXFileReference; lastKnownFileType = image.png; name = m7.png; path = "images/scene images/moons/m7.png"; sourceTree = SOURCE_ROOT; };
		87F5283823C58B6500462BC5 /* m3.png */ = {isa = PBXFileReference; lastKnownFileType = image.png; name = m3.png; path = "images/scene images/moons/m3.png"; sourceTree = SOURCE_ROOT; };
		87F5283923C58B6500462BC5 /* m4.png */ = {isa = PBXFileReference; lastKnownFileType = image.png; name = m4.png; path = "images/scene images/moons/m4.png"; sourceTree = SOURCE_ROOT; };
		87F5283A23C58B6500462BC5 /* m1.png */ = {isa = PBXFileReference; lastKnownFileType = image.png; name = m1.png; path = "images/scene images/moons/m1.png"; sourceTree = SOURCE_ROOT; };
		87F5283B23C58B6500462BC5 /* m5.png */ = {isa = PBXFileReference; lastKnownFileType = image.png; name = m5.png; path = "images/scene images/moons/m5.png"; sourceTree = SOURCE_ROOT; };
		87F5284B23C59C0300462BC5 /* Small_Asteroid.dae */ = {isa = PBXFileReference; fileEncoding = 4; lastKnownFileType = text.xml.dae; name = Small_Asteroid.dae; path = "images/scene images/astroid/Small_Asteroid.dae"; sourceTree = SOURCE_ROOT; };
		87F5284D23C59CDA00462BC5 /* nebula4.png */ = {isa = PBXFileReference; lastKnownFileType = image.png; name = nebula4.png; path = "images/scene images/nebula/nebula4.png"; sourceTree = SOURCE_ROOT; };
		87F5285023C59D3C00462BC5 /* ss11.png */ = {isa = PBXFileReference; lastKnownFileType = image.png; name = ss11.png; path = "images/scene images/sun/ss11.png"; sourceTree = SOURCE_ROOT; };
		87F5285123C59D3C00462BC5 /* ss7.png */ = {isa = PBXFileReference; lastKnownFileType = image.png; name = ss7.png; path = "images/scene images/sun/ss7.png"; sourceTree = SOURCE_ROOT; };
/* End PBXFileReference section */

/* Begin PBXFrameworksBuildPhase section */
		87DDE0F023A02B4100B8D285 /* Frameworks */ = {
			isa = PBXFrameworksBuildPhase;
			buildActionMask = 2147483647;
			files = (
			);
			runOnlyForDeploymentPostprocessing = 0;
		};
		87DDE10423A02B4300B8D285 /* Frameworks */ = {
			isa = PBXFrameworksBuildPhase;
			buildActionMask = 2147483647;
			files = (
			);
			runOnlyForDeploymentPostprocessing = 0;
		};
		87DDE10F23A02B4300B8D285 /* Frameworks */ = {
			isa = PBXFrameworksBuildPhase;
			buildActionMask = 2147483647;
			files = (
			);
			runOnlyForDeploymentPostprocessing = 0;
		};
/* End PBXFrameworksBuildPhase section */

/* Begin PBXGroup section */
		87C0772423A5A5A400D6BC5D /* images */ = {
			isa = PBXGroup;
			children = (
				87F5284F23C59D3200462BC5 /* sun */,
				87F5282A23C5890600462BC5 /* text */,
				87F527C323C5844400462BC5 /* moons */,
				87F5279E23C5814B00462BC5 /* planets */,
				87F5277423C5803E00462BC5 /* astroids */,
				87F5276E23C57F4E00462BC5 /* stars */,
				87F5276523C57F0400462BC5 /* nebulas */,
			);
			path = images;
			sourceTree = "<group>";
		};
		87DDE0EA23A02B4100B8D285 = {
			isa = PBXGroup;
			children = (
				87DDE0F523A02B4100B8D285 /* Mac3D */,
				87DDE10A23A02B4300B8D285 /* Mac3DTests */,
				87DDE11523A02B4300B8D285 /* Mac3DUITests */,
				87DDE0F423A02B4100B8D285 /* Products */,
			);
			sourceTree = "<group>";
		};
		87DDE0F423A02B4100B8D285 /* Products */ = {
			isa = PBXGroup;
			children = (
				87DDE0F323A02B4100B8D285 /* Mac3D.app */,
				87DDE10723A02B4300B8D285 /* Mac3DTests.xctest */,
				87DDE11223A02B4300B8D285 /* Mac3DUITests.xctest */,
			);
			name = Products;
			sourceTree = "<group>";
		};
		87DDE0F523A02B4100B8D285 /* Mac3D */ = {
			isa = PBXGroup;
			children = (
				87C0772423A5A5A400D6BC5D /* images */,
				87F5282F23C5891700462BC5 /* other */,
				87B7352923A30DFC001D47BA /* space.scn */,
				87DDE0F623A02B4100B8D285 /* AppDelegate.swift */,
				87DDE0F823A02B4100B8D285 /* GameViewController.swift */,
				87DDE0FC23A02B4300B8D285 /* Assets.xcassets */,
				87DDE0FE23A02B4300B8D285 /* Main.storyboard */,
				87DDE10123A02B4300B8D285 /* Info.plist */,
				87DDE10223A02B4300B8D285 /* Mac3D.entitlements */,
			);
			path = Mac3D;
			sourceTree = "<group>";
		};
		87DDE10A23A02B4300B8D285 /* Mac3DTests */ = {
			isa = PBXGroup;
			children = (
				87DDE10B23A02B4300B8D285 /* Mac3DTests.swift */,
				87DDE10D23A02B4300B8D285 /* Info.plist */,
			);
			path = Mac3DTests;
			sourceTree = "<group>";
		};
		87DDE11523A02B4300B8D285 /* Mac3DUITests */ = {
			isa = PBXGroup;
			children = (
				87DDE11623A02B4300B8D285 /* Mac3DUITests.swift */,
				87DDE11823A02B4300B8D285 /* Info.plist */,
			);
			path = Mac3DUITests;
			sourceTree = "<group>";
		};
		87F5276523C57F0400462BC5 /* nebulas */ = {
			isa = PBXGroup;
			children = (
				87F5282123C5890000462BC5 /* blue_nebula.png */,
				87F5284D23C59CDA00462BC5 /* nebula4.png */,
				87F5282023C5890000462BC5 /* nebula2.png */,
				87F5282223C5890000462BC5 /* nebula3.png */,
				87F5282323C5890000462BC5 /* nebula5.png */,
				87F5282423C5890000462BC5 /* rednebula.png */,
			);
			path = nebulas;
			sourceTree = "<group>";
		};
		87F5276E23C57F4E00462BC5 /* stars */ = {
			isa = PBXGroup;
			children = (
				87F5281C23C588F500462BC5 /* starcolor2.png */,
				87F5281D23C588F500462BC5 /* stars.jpg */,
			);
			path = stars;
			sourceTree = "<group>";
		};
		87F5277423C5803E00462BC5 /* astroids */ = {
			isa = PBXGroup;
			children = (
				87F5281723C588E100462BC5 /* Aster_Small_4_Color.png */,
				87F5281423C588E100462BC5 /* Aster_Small_4_.png */,
				87F5284B23C59C0300462BC5 /* Small_Asteroid.dae */,
				87652E1023CE6CA9000F4238 /* fileasteroid2.dae */,
			);
			path = astroids;
			sourceTree = "<group>";
		};
		87F5279E23C5814B00462BC5 /* planets */ = {
			isa = PBXGroup;
			children = (
				87F527FD23C588D400462BC5 /* ceres2.png */,
				87F527F923C588D400462BC5 /* eclouds.jpg */,
				87F527F723C588D400462BC5 /* eris2.png */,
				87F527FB23C588D400462BC5 /* haumea2.png */,
				87F527FE23C588D400462BC5 /* jupiter_dark.png */,
				87F527FA23C588D400462BC5 /* makemake2.png */,
				87F527F523C588D400462BC5 /* mars2.png */,
				87F527F223C588D400462BC5 /* mars4.png */,
				87F527FC23C588D400462BC5 /* mercury2.png */,
				87F527FF23C588D400462BC5 /* moon2.png */,
				87F527F623C588D400462BC5 /* neptune.jpg */,
				87F527F423C588D400462BC5 /* saturn4.png */,
				87F5280123C588D400462BC5 /* uranus2.png */,
				87F527F823C588D400462BC5 /* uranus3.png */,
				87F527F323C588D400462BC5 /* venus_surface.jpg */,
				87F5280023C588D400462BC5 /* venus6.png */,
				87F5280223C588D400462BC5 /* venus7.png */,
			);
			path = planets;
			sourceTree = "<group>";
		};
		87F527C323C5844400462BC5 /* moons */ = {
			isa = PBXGroup;
			children = (
				87F5283A23C58B6500462BC5 /* m1.png */,
				87F5283523C58B6500462BC5 /* m2.png */,
				87F5283823C58B6500462BC5 /* m3.png */,
				87F5283923C58B6500462BC5 /* m4.png */,
				87F5283B23C58B6500462BC5 /* m5.png */,
				87F5283623C58B6500462BC5 /* m6.png */,
				87F5283723C58B6500462BC5 /* m7.png */,
			);
			path = moons;
			sourceTree = "<group>";
		};
		87F5282A23C5890600462BC5 /* text */ = {
			isa = PBXGroup;
			children = (
				87F5282C23C5891200462BC5 /* gp_grad.png */,
				87F5282B23C5891200462BC5 /* op_grad.png */,
				87652E0E23CE6BB0000F4238 /* op_grad_invert.png */,
			);
			path = text;
			sourceTree = "<group>";
		};
		87F5282F23C5891700462BC5 /* other */ = {
			isa = PBXGroup;
			children = (
				87F5283023C5892500462BC5 /* rock_displacement.jpg */,
			);
			path = other;
			sourceTree = "<group>";
		};
		87F5284F23C59D3200462BC5 /* sun */ = {
			isa = PBXGroup;
			children = (
				87F5285123C59D3C00462BC5 /* ss7.png */,
				87F5285023C59D3C00462BC5 /* ss11.png */,
			);
			path = sun;
			sourceTree = "<group>";
		};
/* End PBXGroup section */

/* Begin PBXNativeTarget section */
		87DDE0F223A02B4100B8D285 /* Mac3D */ = {
			isa = PBXNativeTarget;
			buildConfigurationList = 87DDE11B23A02B4300B8D285 /* Build configuration list for PBXNativeTarget "Mac3D" */;
			buildPhases = (
				87DDE0EF23A02B4100B8D285 /* Sources */,
				87DDE0F023A02B4100B8D285 /* Frameworks */,
				87DDE0F123A02B4100B8D285 /* Resources */,
			);
			buildRules = (
			);
			dependencies = (
			);
			name = Mac3D;
			productName = Mac3D;
			productReference = 87DDE0F323A02B4100B8D285 /* Mac3D.app */;
			productType = "com.apple.product-type.application";
		};
		87DDE10623A02B4300B8D285 /* Mac3DTests */ = {
			isa = PBXNativeTarget;
			buildConfigurationList = 87DDE11E23A02B4300B8D285 /* Build configuration list for PBXNativeTarget "Mac3DTests" */;
			buildPhases = (
				87DDE10323A02B4300B8D285 /* Sources */,
				87DDE10423A02B4300B8D285 /* Frameworks */,
				87DDE10523A02B4300B8D285 /* Resources */,
			);
			buildRules = (
			);
			dependencies = (
				87DDE10923A02B4300B8D285 /* PBXTargetDependency */,
			);
			name = Mac3DTests;
			productName = Mac3DTests;
			productReference = 87DDE10723A02B4300B8D285 /* Mac3DTests.xctest */;
			productType = "com.apple.product-type.bundle.unit-test";
		};
		87DDE11123A02B4300B8D285 /* Mac3DUITests */ = {
			isa = PBXNativeTarget;
			buildConfigurationList = 87DDE12123A02B4300B8D285 /* Build configuration list for PBXNativeTarget "Mac3DUITests" */;
			buildPhases = (
				87DDE10E23A02B4300B8D285 /* Sources */,
				87DDE10F23A02B4300B8D285 /* Frameworks */,
				87DDE11023A02B4300B8D285 /* Resources */,
			);
			buildRules = (
			);
			dependencies = (
				87DDE11423A02B4300B8D285 /* PBXTargetDependency */,
			);
			name = Mac3DUITests;
			productName = Mac3DUITests;
			productReference = 87DDE11223A02B4300B8D285 /* Mac3DUITests.xctest */;
			productType = "com.apple.product-type.bundle.ui-testing";
		};
/* End PBXNativeTarget section */

/* Begin PBXProject section */
		87DDE0EB23A02B4100B8D285 /* Project object */ = {
			isa = PBXProject;
			attributes = {
				LastSwiftUpdateCheck = 1010;
				LastUpgradeCheck = 1010;
				ORGANIZATIONNAME = "Nicole Olson";
				TargetAttributes = {
					87DDE0F223A02B4100B8D285 = {
						CreatedOnToolsVersion = 10.1;
						SystemCapabilities = {
							com.apple.Sandbox = {
								enabled = 0;
							};
						};
					};
					87DDE10623A02B4300B8D285 = {
						CreatedOnToolsVersion = 10.1;
						TestTargetID = 87DDE0F223A02B4100B8D285;
					};
					87DDE11123A02B4300B8D285 = {
						CreatedOnToolsVersion = 10.1;
						TestTargetID = 87DDE0F223A02B4100B8D285;
					};
				};
			};
			buildConfigurationList = 87DDE0EE23A02B4100B8D285 /* Build configuration list for PBXProject "Mac3D" */;
			compatibilityVersion = "Xcode 9.3";
			developmentRegion = en;
			hasScannedForEncodings = 0;
			knownRegions = (
				en,
				Base,
			);
			mainGroup = 87DDE0EA23A02B4100B8D285;
			productRefGroup = 87DDE0F423A02B4100B8D285 /* Products */;
			projectDirPath = "";
			projectRoot = "";
			targets = (
				87DDE0F223A02B4100B8D285 /* Mac3D */,
				87DDE10623A02B4300B8D285 /* Mac3DTests */,
				87DDE11123A02B4300B8D285 /* Mac3DUITests */,
			);
		};
/* End PBXProject section */

/* Begin PBXResourcesBuildPhase section */
		87DDE0F123A02B4100B8D285 /* Resources */ = {
			isa = PBXResourcesBuildPhase;
			buildActionMask = 2147483647;
			files = (
				87F5283D23C58B6500462BC5 /* m6.png in Resources */,
				87F5282723C5890000462BC5 /* nebula3.png in Resources */,
				87F5280B23C588D400462BC5 /* makemake2.png in Resources */,
				87F5280923C588D400462BC5 /* uranus3.png in Resources */,
				87F5281123C588D400462BC5 /* venus6.png in Resources */,
				87F5281F23C588F500462BC5 /* stars.jpg in Resources */,
				87F5282523C5890000462BC5 /* nebula2.png in Resources */,
				87F5285323C59D3C00462BC5 /* ss7.png in Resources */,
				87F5280623C588D400462BC5 /* mars2.png in Resources */,
				87F5281223C588D400462BC5 /* uranus2.png in Resources */,
				87F5280823C588D400462BC5 /* eris2.png in Resources */,
				87F5281823C588E100462BC5 /* Aster_Small_4_.png in Resources */,
				87F5280D23C588D400462BC5 /* mercury2.png in Resources */,
				87F5280F23C588D400462BC5 /* jupiter_dark.png in Resources */,
				87F5284123C58B6500462BC5 /* m1.png in Resources */,
				87F5283E23C58B6500462BC5 /* m7.png in Resources */,
				87652E0F23CE6BB0000F4238 /* op_grad_invert.png in Resources */,
				87F5281E23C588F500462BC5 /* starcolor2.png in Resources */,
				87F5283F23C58B6500462BC5 /* m3.png in Resources */,
				87F5281023C588D400462BC5 /* moon2.png in Resources */,
				87F5284C23C59C0300462BC5 /* Small_Asteroid.dae in Resources */,
				87F5280523C588D400462BC5 /* saturn4.png in Resources */,
				87DDE10023A02B4300B8D285 /* Main.storyboard in Resources */,
				87F5280323C588D400462BC5 /* mars4.png in Resources */,
				87DDE0FD23A02B4300B8D285 /* Assets.xcassets in Resources */,
				87B7352A23A30DFC001D47BA /* space.scn in Resources */,
				87F5280423C588D400462BC5 /* venus_surface.jpg in Resources */,
				87F5282923C5890000462BC5 /* rednebula.png in Resources */,
				87F5281323C588D400462BC5 /* venus7.png in Resources */,
				87F5280C23C588D400462BC5 /* haumea2.png in Resources */,
				87F5282D23C5891200462BC5 /* op_grad.png in Resources */,
				87F5281B23C588E100462BC5 /* Aster_Small_4_Color.png in Resources */,
				87F5283123C5892500462BC5 /* rock_displacement.jpg in Resources */,
				87F5282623C5890000462BC5 /* blue_nebula.png in Resources */,
				87F5284E23C59CDB00462BC5 /* nebula4.png in Resources */,
				87652E1123CE6CAA000F4238 /* fileasteroid2.dae in Resources */,
				87F5282E23C5891200462BC5 /* gp_grad.png in Resources */,
				87F5280723C588D400462BC5 /* neptune.jpg in Resources */,
				87F5283C23C58B6500462BC5 /* m2.png in Resources */,
				87F5285223C59D3C00462BC5 /* ss11.png in Resources */,
				87F5284223C58B6500462BC5 /* m5.png in Resources */,
				87F5284023C58B6500462BC5 /* m4.png in Resources */,
				87F5282823C5890000462BC5 /* nebula5.png in Resources */,
				87F5280E23C588D400462BC5 /* ceres2.png in Resources */,
				87F5280A23C588D400462BC5 /* eclouds.jpg in Resources */,
			);
			runOnlyForDeploymentPostprocessing = 0;
		};
		87DDE10523A02B4300B8D285 /* Resources */ = {
			isa = PBXResourcesBuildPhase;
			buildActionMask = 2147483647;
			files = (
			);
			runOnlyForDeploymentPostprocessing = 0;
		};
		87DDE11023A02B4300B8D285 /* Resources */ = {
			isa = PBXResourcesBuildPhase;
			buildActionMask = 2147483647;
			files = (
			);
			runOnlyForDeploymentPostprocessing = 0;
		};
/* End PBXResourcesBuildPhase section */

/* Begin PBXSourcesBuildPhase section */
		87DDE0EF23A02B4100B8D285 /* Sources */ = {
			isa = PBXSourcesBuildPhase;
			buildActionMask = 2147483647;
			files = (
				87DDE0F923A02B4100B8D285 /* GameViewController.swift in Sources */,
				87DDE0F723A02B4100B8D285 /* AppDelegate.swift in Sources */,
			);
			runOnlyForDeploymentPostprocessing = 0;
		};
		87DDE10323A02B4300B8D285 /* Sources */ = {
			isa = PBXSourcesBuildPhase;
			buildActionMask = 2147483647;
			files = (
				87DDE10C23A02B4300B8D285 /* Mac3DTests.swift in Sources */,
			);
			runOnlyForDeploymentPostprocessing = 0;
		};
		87DDE10E23A02B4300B8D285 /* Sources */ = {
			isa = PBXSourcesBuildPhase;
			buildActionMask = 2147483647;
			files = (
				87DDE11723A02B4300B8D285 /* Mac3DUITests.swift in Sources */,
			);
			runOnlyForDeploymentPostprocessing = 0;
		};
/* End PBXSourcesBuildPhase section */

/* Begin PBXTargetDependency section */
		87DDE10923A02B4300B8D285 /* PBXTargetDependency */ = {
			isa = PBXTargetDependency;
			target = 87DDE0F223A02B4100B8D285 /* Mac3D */;
			targetProxy = 87DDE10823A02B4300B8D285 /* PBXContainerItemProxy */;
		};
		87DDE11423A02B4300B8D285 /* PBXTargetDependency */ = {
			isa = PBXTargetDependency;
			target = 87DDE0F223A02B4100B8D285 /* Mac3D */;
			targetProxy = 87DDE11323A02B4300B8D285 /* PBXContainerItemProxy */;
		};
/* End PBXTargetDependency section */

/* Begin PBXVariantGroup section */
		87DDE0FE23A02B4300B8D285 /* Main.storyboard */ = {
			isa = PBXVariantGroup;
			children = (
				87DDE0FF23A02B4300B8D285 /* Base */,
			);
			name = Main.storyboard;
			path = /Users/nicoleolson/Desktop/Mac3D/Mac3D;
			sourceTree = "<absolute>";
		};
/* End PBXVariantGroup section */

/* Begin XCBuildConfiguration section */
		87DDE11923A02B4300B8D285 /* Debug */ = {
			isa = XCBuildConfiguration;
			buildSettings = {
				ALWAYS_SEARCH_USER_PATHS = NO;
				CLANG_ANALYZER_NONNULL = YES;
				CLANG_ANALYZER_NUMBER_OBJECT_CONVERSION = YES_AGGRESSIVE;
				CLANG_CXX_LANGUAGE_STANDARD = "gnu++14";
				CLANG_CXX_LIBRARY = "libc++";
				CLANG_ENABLE_MODULES = YES;
				CLANG_ENABLE_OBJC_ARC = YES;
				CLANG_ENABLE_OBJC_WEAK = YES;
				CLANG_WARN_BLOCK_CAPTURE_AUTORELEASING = YES;
				CLANG_WARN_BOOL_CONVERSION = YES;
				CLANG_WARN_COMMA = YES;
				CLANG_WARN_CONSTANT_CONVERSION = YES;
				CLANG_WARN_DEPRECATED_OBJC_IMPLEMENTATIONS = YES;
				CLANG_WARN_DIRECT_OBJC_ISA_USAGE = YES_ERROR;
				CLANG_WARN_DOCUMENTATION_COMMENTS = YES;
				CLANG_WARN_EMPTY_BODY = YES;
				CLANG_WARN_ENUM_CONVERSION = YES;
				CLANG_WARN_INFINITE_RECURSION = YES;
				CLANG_WARN_INT_CONVERSION = YES;
				CLANG_WARN_NON_LITERAL_NULL_CONVERSION = YES;
				CLANG_WARN_OBJC_IMPLICIT_RETAIN_SELF = YES;
				CLANG_WARN_OBJC_LITERAL_CONVERSION = YES;
				CLANG_WARN_OBJC_ROOT_CLASS = YES_ERROR;
				CLANG_WARN_RANGE_LOOP_ANALYSIS = YES;
				CLANG_WARN_STRICT_PROTOTYPES = YES;
				CLANG_WARN_SUSPICIOUS_MOVE = YES;
				CLANG_WARN_UNGUARDED_AVAILABILITY = YES_AGGRESSIVE;
				CLANG_WARN_UNREACHABLE_CODE = YES;
				CLANG_WARN__DUPLICATE_METHOD_MATCH = YES;
				CODE_SIGN_IDENTITY = "-";
				COPY_PHASE_STRIP = NO;
				DEBUG_INFORMATION_FORMAT = dwarf;
				ENABLE_STRICT_OBJC_MSGSEND = YES;
				ENABLE_TESTABILITY = YES;
				GCC_C_LANGUAGE_STANDARD = gnu11;
				GCC_DYNAMIC_NO_PIC = NO;
				GCC_NO_COMMON_BLOCKS = YES;
				GCC_OPTIMIZATION_LEVEL = 0;
				GCC_PREPROCESSOR_DEFINITIONS = (
					"DEBUG=1",
					"$(inherited)",
				);
				GCC_WARN_64_TO_32_BIT_CONVERSION = YES;
				GCC_WARN_ABOUT_RETURN_TYPE = YES_ERROR;
				GCC_WARN_UNDECLARED_SELECTOR = YES;
				GCC_WARN_UNINITIALIZED_AUTOS = YES_AGGRESSIVE;
				GCC_WARN_UNUSED_FUNCTION = YES;
				GCC_WARN_UNUSED_VARIABLE = YES;
				MACOSX_DEPLOYMENT_TARGET = 10.14;
				MTL_ENABLE_DEBUG_INFO = INCLUDE_SOURCE;
				MTL_FAST_MATH = YES;
				ONLY_ACTIVE_ARCH = YES;
				SDKROOT = macosx;
				SWIFT_ACTIVE_COMPILATION_CONDITIONS = DEBUG;
				SWIFT_OPTIMIZATION_LEVEL = "-Onone";
			};
			name = Debug;
		};
		87DDE11A23A02B4300B8D285 /* Release */ = {
			isa = XCBuildConfiguration;
			buildSettings = {
				ALWAYS_SEARCH_USER_PATHS = NO;
				CLANG_ANALYZER_NONNULL = YES;
				CLANG_ANALYZER_NUMBER_OBJECT_CONVERSION = YES_AGGRESSIVE;
				CLANG_CXX_LANGUAGE_STANDARD = "gnu++14";
				CLANG_CXX_LIBRARY = "libc++";
				CLANG_ENABLE_MODULES = YES;
				CLANG_ENABLE_OBJC_ARC = YES;
				CLANG_ENABLE_OBJC_WEAK = YES;
				CLANG_WARN_BLOCK_CAPTURE_AUTORELEASING = YES;
				CLANG_WARN_BOOL_CONVERSION = YES;
				CLANG_WARN_COMMA = YES;
				CLANG_WARN_CONSTANT_CONVERSION = YES;
				CLANG_WARN_DEPRECATED_OBJC_IMPLEMENTATIONS = YES;
				CLANG_WARN_DIRECT_OBJC_ISA_USAGE = YES_ERROR;
				CLANG_WARN_DOCUMENTATION_COMMENTS = YES;
				CLANG_WARN_EMPTY_BODY = YES;
				CLANG_WARN_ENUM_CONVERSION = YES;
				CLANG_WARN_INFINITE_RECURSION = YES;
				CLANG_WARN_INT_CONVERSION = YES;
				CLANG_WARN_NON_LITERAL_NULL_CONVERSION = YES;
				CLANG_WARN_OBJC_IMPLICIT_RETAIN_SELF = YES;
				CLANG_WARN_OBJC_LITERAL_CONVERSION = YES;
				CLANG_WARN_OBJC_ROOT_CLASS = YES_ERROR;
				CLANG_WARN_RANGE_LOOP_ANALYSIS = YES;
				CLANG_WARN_STRICT_PROTOTYPES = YES;
				CLANG_WARN_SUSPICIOUS_MOVE = YES;
				CLANG_WARN_UNGUARDED_AVAILABILITY = YES_AGGRESSIVE;
				CLANG_WARN_UNREACHABLE_CODE = YES;
				CLANG_WARN__DUPLICATE_METHOD_MATCH = YES;
				CODE_SIGN_IDENTITY = "-";
				COPY_PHASE_STRIP = NO;
				DEBUG_INFORMATION_FORMAT = "dwarf-with-dsym";
				ENABLE_NS_ASSERTIONS = NO;
				ENABLE_STRICT_OBJC_MSGSEND = YES;
				GCC_C_LANGUAGE_STANDARD = gnu11;
				GCC_NO_COMMON_BLOCKS = YES;
				GCC_WARN_64_TO_32_BIT_CONVERSION = YES;
				GCC_WARN_ABOUT_RETURN_TYPE = YES_ERROR;
				GCC_WARN_UNDECLARED_SELECTOR = YES;
				GCC_WARN_UNINITIALIZED_AUTOS = YES_AGGRESSIVE;
				GCC_WARN_UNUSED_FUNCTION = YES;
				GCC_WARN_UNUSED_VARIABLE = YES;
				MACOSX_DEPLOYMENT_TARGET = 10.14;
				MTL_ENABLE_DEBUG_INFO = NO;
				MTL_FAST_MATH = YES;
				SDKROOT = macosx;
				SWIFT_COMPILATION_MODE = wholemodule;
				SWIFT_OPTIMIZATION_LEVEL = "-O";
			};
			name = Release;
		};
		87DDE11C23A02B4300B8D285 /* Debug */ = {
			isa = XCBuildConfiguration;
			buildSettings = {
				ASSETCATALOG_COMPILER_APPICON_NAME = AppIcon;
				CODE_SIGN_STYLE = Automatic;
				COMBINE_HIDPI_IMAGES = YES;
				INFOPLIST_FILE = Mac3D/Info.plist;
				LD_RUNPATH_SEARCH_PATHS = (
					"$(inherited)",
					"@executable_path/../Frameworks",
				);
				PRODUCT_BUNDLE_IDENTIFIER = "Family-of-Kyps.Mac3D";
				PRODUCT_NAME = "$(TARGET_NAME)";
				SWIFT_VERSION = 4.2;
			};
			name = Debug;
		};
		87DDE11D23A02B4300B8D285 /* Release */ = {
			isa = XCBuildConfiguration;
			buildSettings = {
				ASSETCATALOG_COMPILER_APPICON_NAME = AppIcon;
				CODE_SIGN_STYLE = Automatic;
				COMBINE_HIDPI_IMAGES = YES;
				INFOPLIST_FILE = Mac3D/Info.plist;
				LD_RUNPATH_SEARCH_PATHS = (
					"$(inherited)",
					"@executable_path/../Frameworks",
				);
				PRODUCT_BUNDLE_IDENTIFIER = "Family-of-Kyps.Mac3D";
				PRODUCT_NAME = "$(TARGET_NAME)";
				SWIFT_VERSION = 4.2;
			};
			name = Release;
		};
		87DDE11F23A02B4300B8D285 /* Debug */ = {
			isa = XCBuildConfiguration;
			buildSettings = {
				ALWAYS_EMBED_SWIFT_STANDARD_LIBRARIES = YES;
				BUNDLE_LOADER = "$(TEST_HOST)";
				CODE_SIGN_STYLE = Automatic;
				COMBINE_HIDPI_IMAGES = YES;
				INFOPLIST_FILE = Mac3DTests/Info.plist;
				LD_RUNPATH_SEARCH_PATHS = (
					"$(inherited)",
					"@executable_path/../Frameworks",
					"@loader_path/../Frameworks",
				);
				PRODUCT_BUNDLE_IDENTIFIER = "Family-of-Kyps.Mac3DTests";
				PRODUCT_NAME = "$(TARGET_NAME)";
				SWIFT_VERSION = 4.2;
				TEST_HOST = "$(BUILT_PRODUCTS_DIR)/Mac3D.app/Contents/MacOS/Mac3D";
			};
			name = Debug;
		};
		87DDE12023A02B4300B8D285 /* Release */ = {
			isa = XCBuildConfiguration;
			buildSettings = {
				ALWAYS_EMBED_SWIFT_STANDARD_LIBRARIES = YES;
				BUNDLE_LOADER = "$(TEST_HOST)";
				CODE_SIGN_STYLE = Automatic;
				COMBINE_HIDPI_IMAGES = YES;
				INFOPLIST_FILE = Mac3DTests/Info.plist;
				LD_RUNPATH_SEARCH_PATHS = (
					"$(inherited)",
					"@executable_path/../Frameworks",
					"@loader_path/../Frameworks",
				);
				PRODUCT_BUNDLE_IDENTIFIER = "Family-of-Kyps.Mac3DTests";
				PRODUCT_NAME = "$(TARGET_NAME)";
				SWIFT_VERSION = 4.2;
				TEST_HOST = "$(BUILT_PRODUCTS_DIR)/Mac3D.app/Contents/MacOS/Mac3D";
			};
			name = Release;
		};
		87DDE12223A02B4300B8D285 /* Debug */ = {
			isa = XCBuildConfiguration;
			buildSettings = {
				ALWAYS_EMBED_SWIFT_STANDARD_LIBRARIES = YES;
				CODE_SIGN_STYLE = Automatic;
				COMBINE_HIDPI_IMAGES = YES;
				INFOPLIST_FILE = Mac3DUITests/Info.plist;
				LD_RUNPATH_SEARCH_PATHS = (
					"$(inherited)",
					"@executable_path/../Frameworks",
					"@loader_path/../Frameworks",
				);
				PRODUCT_BUNDLE_IDENTIFIER = "Family-of-Kyps.Mac3DUITests";
				PRODUCT_NAME = "$(TARGET_NAME)";
				SWIFT_VERSION = 4.2;
				TEST_TARGET_NAME = Mac3D;
			};
			name = Debug;
		};
		87DDE12323A02B4300B8D285 /* Release */ = {
			isa = XCBuildConfiguration;
			buildSettings = {
				ALWAYS_EMBED_SWIFT_STANDARD_LIBRARIES = YES;
				CODE_SIGN_STYLE = Automatic;
				COMBINE_HIDPI_IMAGES = YES;
				INFOPLIST_FILE = Mac3DUITests/Info.plist;
				LD_RUNPATH_SEARCH_PATHS = (
					"$(inherited)",
					"@executable_path/../Frameworks",
					"@loader_path/../Frameworks",
				);
				PRODUCT_BUNDLE_IDENTIFIER = "Family-of-Kyps.Mac3DUITests";
				PRODUCT_NAME = "$(TARGET_NAME)";
				SWIFT_VERSION = 4.2;
				TEST_TARGET_NAME = Mac3D;
			};
			name = Release;
		};
/* End XCBuildConfiguration section */

/* Begin XCConfigurationList section */
		87DDE0EE23A02B4100B8D285 /* Build configuration list for PBXProject "Mac3D" */ = {
			isa = XCConfigurationList;
			buildConfigurations = (
				87DDE11923A02B4300B8D285 /* Debug */,
				87DDE11A23A02B4300B8D285 /* Release */,
			);
			defaultConfigurationIsVisible = 0;
			defaultConfigurationName = Release;
		};
		87DDE11B23A02B4300B8D285 /* Build configuration list for PBXNativeTarget "Mac3D" */ = {
			isa = XCConfigurationList;
			buildConfigurations = (
				87DDE11C23A02B4300B8D285 /* Debug */,
				87DDE11D23A02B4300B8D285 /* Release */,
			);
			defaultConfigurationIsVisible = 0;
			defaultConfigurationName = Release;
		};
		87DDE11E23A02B4300B8D285 /* Build configuration list for PBXNativeTarget "Mac3DTests" */ = {
			isa = XCConfigurationList;
			buildConfigurations = (
				87DDE11F23A02B4300B8D285 /* Debug */,
				87DDE12023A02B4300B8D285 /* Release */,
			);
			defaultConfigurationIsVisible = 0;
			defaultConfigurationName = Release;
		};
		87DDE12123A02B4300B8D285 /* Build configuration list for PBXNativeTarget "Mac3DUITests" */ = {
			isa = XCConfigurationList;
			buildConfigurations = (
				87DDE12223A02B4300B8D285 /* Debug */,
				87DDE12323A02B4300B8D285 /* Release */,
			);
			defaultConfigurationIsVisible = 0;
			defaultConfigurationName = Release;
		};
/* End XCConfigurationList section */
	};
	rootObject = 87DDE0EB23A02B4100B8D285 /* Project object */;
}
